// !$*UTF8*$!
{
	archiveVersion = 1;
	classes = {
	};
	objectVersion = 56;
	objects = {

/* Begin PBXBuildFile section */
		080ECC102A3217750031DACE /* HeroHeaderUIView.swift in Sources */ = {isa = PBXBuildFile; fileRef = 080ECC0F2A3217750031DACE /* HeroHeaderUIView.swift */; };
		0896DA242A28B07D00E1BC81 /* AppDelegate.swift in Sources */ = {isa = PBXBuildFile; fileRef = 0896DA232A28B07D00E1BC81 /* AppDelegate.swift */; };
		0896DA262A28B07D00E1BC81 /* SceneDelegate.swift in Sources */ = {isa = PBXBuildFile; fileRef = 0896DA252A28B07D00E1BC81 /* SceneDelegate.swift */; };
		0896DA282A28B07D00E1BC81 /* MainTabBarViewController.swift in Sources */ = {isa = PBXBuildFile; fileRef = 0896DA272A28B07D00E1BC81 /* MainTabBarViewController.swift */; };
		0896DA2D2A28B07E00E1BC81 /* Assets.xcassets in Resources */ = {isa = PBXBuildFile; fileRef = 0896DA2C2A28B07E00E1BC81 /* Assets.xcassets */; };
		0896DA302A28B07E00E1BC81 /* LaunchScreen.storyboard in Resources */ = {isa = PBXBuildFile; fileRef = 0896DA2E2A28B07E00E1BC81 /* LaunchScreen.storyboard */; };
		0896DA392A28B36800E1BC81 /* HomeViewController.swift in Sources */ = {isa = PBXBuildFile; fileRef = 0896DA382A28B36800E1BC81 /* HomeViewController.swift */; };
		0896DA3B2A28B39900E1BC81 /* UpcomingViewController.swift in Sources */ = {isa = PBXBuildFile; fileRef = 0896DA3A2A28B39900E1BC81 /* UpcomingViewController.swift */; };
		0896DA3D2A28B3BB00E1BC81 /* SearchViewController.swift in Sources */ = {isa = PBXBuildFile; fileRef = 0896DA3C2A28B3BB00E1BC81 /* SearchViewController.swift */; };
		0896DA3F2A28B3DB00E1BC81 /* DownloadsViewController.swift in Sources */ = {isa = PBXBuildFile; fileRef = 0896DA3E2A28B3DB00E1BC81 /* DownloadsViewController.swift */; };
		0896DA462A28D01400E1BC81 /* CollectionViewTableViewCell.swift in Sources */ = {isa = PBXBuildFile; fileRef = 0896DA452A28D01400E1BC81 /* CollectionViewTableViewCell.swift */; };
/* End PBXBuildFile section */

/* Begin PBXFileReference section */
		080ECC0F2A3217750031DACE /* HeroHeaderUIView.swift */ = {isa = PBXFileReference; lastKnownFileType = sourcecode.swift; path = HeroHeaderUIView.swift; sourceTree = "<group>"; };
		0896DA202A28B07D00E1BC81 /* NetflixClone.app */ = {isa = PBXFileReference; explicitFileType = wrapper.application; includeInIndex = 0; path = NetflixClone.app; sourceTree = BUILT_PRODUCTS_DIR; };
		0896DA232A28B07D00E1BC81 /* AppDelegate.swift */ = {isa = PBXFileReference; lastKnownFileType = sourcecode.swift; path = AppDelegate.swift; sourceTree = "<group>"; };
		0896DA252A28B07D00E1BC81 /* SceneDelegate.swift */ = {isa = PBXFileReference; lastKnownFileType = sourcecode.swift; path = SceneDelegate.swift; sourceTree = "<group>"; };
		0896DA272A28B07D00E1BC81 /* MainTabBarViewController.swift */ = {isa = PBXFileReference; lastKnownFileType = sourcecode.swift; path = MainTabBarViewController.swift; sourceTree = "<group>"; };
		0896DA2C2A28B07E00E1BC81 /* Assets.xcassets */ = {isa = PBXFileReference; lastKnownFileType = folder.assetcatalog; path = Assets.xcassets; sourceTree = "<group>"; };
		0896DA2F2A28B07E00E1BC81 /* Base */ = {isa = PBXFileReference; lastKnownFileType = file.storyboard; name = Base; path = Base.lproj/LaunchScreen.storyboard; sourceTree = "<group>"; };
		0896DA312A28B07E00E1BC81 /* Info.plist */ = {isa = PBXFileReference; lastKnownFileType = text.plist.xml; path = Info.plist; sourceTree = "<group>"; };
		0896DA382A28B36800E1BC81 /* HomeViewController.swift */ = {isa = PBXFileReference; lastKnownFileType = sourcecode.swift; path = HomeViewController.swift; sourceTree = "<group>"; };
		0896DA3A2A28B39900E1BC81 /* UpcomingViewController.swift */ = {isa = PBXFileReference; lastKnownFileType = sourcecode.swift; path = UpcomingViewController.swift; sourceTree = "<group>"; };
		0896DA3C2A28B3BB00E1BC81 /* SearchViewController.swift */ = {isa = PBXFileReference; lastKnownFileType = sourcecode.swift; path = SearchViewController.swift; sourceTree = "<group>"; };
		0896DA3E2A28B3DB00E1BC81 /* DownloadsViewController.swift */ = {isa = PBXFileReference; lastKnownFileType = sourcecode.swift; path = DownloadsViewController.swift; sourceTree = "<group>"; };
		0896DA452A28D01400E1BC81 /* CollectionViewTableViewCell.swift */ = {isa = PBXFileReference; lastKnownFileType = sourcecode.swift; path = CollectionViewTableViewCell.swift; sourceTree = "<group>"; };
/* End PBXFileReference section */

/* Begin PBXFrameworksBuildPhase section */
		0896DA1D2A28B07D00E1BC81 /* Frameworks */ = {
			isa = PBXFrameworksBuildPhase;
			buildActionMask = 2147483647;
			files = (
			);
			runOnlyForDeploymentPostprocessing = 0;
		};
/* End PBXFrameworksBuildPhase section */

/* Begin PBXGroup section */
		0896DA172A28B07D00E1BC81 = {
			isa = PBXGroup;
			children = (
				0896DA222A28B07D00E1BC81 /* NetflixClone */,
				0896DA212A28B07D00E1BC81 /* Products */,
			);
			sourceTree = "<group>";
		};
		0896DA212A28B07D00E1BC81 /* Products */ = {
			isa = PBXGroup;
			children = (
				0896DA202A28B07D00E1BC81 /* NetflixClone.app */,
			);
			name = Products;
			sourceTree = "<group>";
		};
		0896DA222A28B07D00E1BC81 /* NetflixClone */ = {
			isa = PBXGroup;
			children = (
				0896DA442A28CFC800E1BC81 /* Managers */,
				0896DA432A28CFB500E1BC81 /* Resources */,
				0896DA422A28CF8400E1BC81 /* Models */,
				0896DA402A28CEBB00E1BC81 /* Views */,
				0896DA412A28CF7A00E1BC81 /* ViewModels */,
				0896DA372A28B33E00E1BC81 /* Controllers */,
				0896DA232A28B07D00E1BC81 /* AppDelegate.swift */,
				0896DA252A28B07D00E1BC81 /* SceneDelegate.swift */,
				0896DA272A28B07D00E1BC81 /* MainTabBarViewController.swift */,
				0896DA2C2A28B07E00E1BC81 /* Assets.xcassets */,
				0896DA2E2A28B07E00E1BC81 /* LaunchScreen.storyboard */,
				0896DA312A28B07E00E1BC81 /* Info.plist */,
			);
			path = NetflixClone;
			sourceTree = "<group>";
		};
		0896DA372A28B33E00E1BC81 /* Controllers */ = {
			isa = PBXGroup;
			children = (
				0896DA382A28B36800E1BC81 /* HomeViewController.swift */,
				0896DA3A2A28B39900E1BC81 /* UpcomingViewController.swift */,
				0896DA3C2A28B3BB00E1BC81 /* SearchViewController.swift */,
				0896DA3E2A28B3DB00E1BC81 /* DownloadsViewController.swift */,
			);
			path = Controllers;
			sourceTree = "<group>";
		};
		0896DA402A28CEBB00E1BC81 /* Views */ = {
			isa = PBXGroup;
			children = (
				0896DA452A28D01400E1BC81 /* CollectionViewTableViewCell.swift */,
				080ECC0F2A3217750031DACE /* HeroHeaderUIView.swift */,
			);
			path = Views;
			sourceTree = "<group>";
		};
		0896DA412A28CF7A00E1BC81 /* ViewModels */ = {
			isa = PBXGroup;
			children = (
			);
			path = ViewModels;
			sourceTree = "<group>";
		};
		0896DA422A28CF8400E1BC81 /* Models */ = {
			isa = PBXGroup;
			children = (
			);
			path = Models;
			sourceTree = "<group>";
		};
		0896DA432A28CFB500E1BC81 /* Resources */ = {
			isa = PBXGroup;
			children = (
			);
			path = Resources;
			sourceTree = "<group>";
		};
		0896DA442A28CFC800E1BC81 /* Managers */ = {
			isa = PBXGroup;
			children = (
			);
			path = Managers;
			sourceTree = "<group>";
		};
/* End PBXGroup section */

/* Begin PBXNativeTarget section */
		0896DA1F2A28B07D00E1BC81 /* NetflixClone */ = {
			isa = PBXNativeTarget;
			buildConfigurationList = 0896DA342A28B07E00E1BC81 /* Build configuration list for PBXNativeTarget "NetflixClone" */;
			buildPhases = (
				0896DA1C2A28B07D00E1BC81 /* Sources */,
				0896DA1D2A28B07D00E1BC81 /* Frameworks */,
				0896DA1E2A28B07D00E1BC81 /* Resources */,
			);
			buildRules = (
			);
			dependencies = (
			);
			name = NetflixClone;
			productName = NetflixClone;
			productReference = 0896DA202A28B07D00E1BC81 /* NetflixClone.app */;
			productType = "com.apple.product-type.application";
		};
/* End PBXNativeTarget section */

/* Begin PBXProject section */
		0896DA182A28B07D00E1BC81 /* Project object */ = {
			isa = PBXProject;
			attributes = {
				BuildIndependentTargetsInParallel = 1;
				LastSwiftUpdateCheck = 1430;
				LastUpgradeCheck = 1430;
				TargetAttributes = {
					0896DA1F2A28B07D00E1BC81 = {
						CreatedOnToolsVersion = 14.3;
					};
				};
			};
			buildConfigurationList = 0896DA1B2A28B07D00E1BC81 /* Build configuration list for PBXProject "NetflixClone" */;
			compatibilityVersion = "Xcode 14.0";
			developmentRegion = en;
			hasScannedForEncodings = 0;
			knownRegions = (
				en,
				Base,
			);
			mainGroup = 0896DA172A28B07D00E1BC81;
			productRefGroup = 0896DA212A28B07D00E1BC81 /* Products */;
			projectDirPath = "";
			projectRoot = "";
			targets = (
				0896DA1F2A28B07D00E1BC81 /* NetflixClone */,
			);
		};
/* End PBXProject section */

/* Begin PBXResourcesBuildPhase section */
		0896DA1E2A28B07D00E1BC81 /* Resources */ = {
			isa = PBXResourcesBuildPhase;
			buildActionMask = 2147483647;
			files = (
				0896DA302A28B07E00E1BC81 /* LaunchScreen.storyboard in Resources */,
				0896DA2D2A28B07E00E1BC81 /* Assets.xcassets in Resources */,
			);
			runOnlyForDeploymentPostprocessing = 0;
		};
/* End PBXResourcesBuildPhase section */

/* Begin PBXSourcesBuildPhase section */
		0896DA1C2A28B07D00E1BC81 /* Sources */ = {
			isa = PBXSourcesBuildPhase;
			buildActionMask = 2147483647;
			files = (
				0896DA3D2A28B3BB00E1BC81 /* SearchViewController.swift in Sources */,
				0896DA282A28B07D00E1BC81 /* MainTabBarViewController.swift in Sources */,
				0896DA462A28D01400E1BC81 /* CollectionViewTableViewCell.swift in Sources */,
				080ECC102A3217750031DACE /* HeroHeaderUIView.swift in Sources */,
				0896DA242A28B07D00E1BC81 /* AppDelegate.swift in Sources */,
				0896DA262A28B07D00E1BC81 /* SceneDelegate.swift in Sources */,
				0896DA3F2A28B3DB00E1BC81 /* DownloadsViewController.swift in Sources */,
				0896DA3B2A28B39900E1BC81 /* UpcomingViewController.swift in Sources */,
				0896DA392A28B36800E1BC81 /* HomeViewController.swift in Sources */,
			);
			runOnlyForDeploymentPostprocessing = 0;
		};
/* End PBXSourcesBuildPhase section */

/* Begin PBXVariantGroup section */
		0896DA2E2A28B07E00E1BC81 /* LaunchScreen.storyboard */ = {
			isa = PBXVariantGroup;
			children = (
				0896DA2F2A28B07E00E1BC81 /* Base */,
			);
			name = LaunchScreen.storyboard;
			sourceTree = "<group>";
		};
/* End PBXVariantGroup section */

/* Begin XCBuildConfiguration section */
		0896DA322A28B07E00E1BC81 /* Debug */ = {
			isa = XCBuildConfiguration;
			buildSettings = {
				ALWAYS_SEARCH_USER_PATHS = NO;
				CLANG_ANALYZER_NONNULL = YES;
				CLANG_ANALYZER_NUMBER_OBJECT_CONVERSION = YES_AGGRESSIVE;
				CLANG_CXX_LANGUAGE_STANDARD = "gnu++20";
				CLANG_ENABLE_MODULES = YES;
				CLANG_ENABLE_OBJC_ARC = YES;
				CLANG_ENABLE_OBJC_WEAK = YES;
				CLANG_WARN_BLOCK_CAPTURE_AUTORELEASING = YES;
				CLANG_WARN_BOOL_CONVERSION = YES;
				CLANG_WARN_COMMA = YES;
				CLANG_WARN_CONSTANT_CONVERSION = YES;
				CLANG_WARN_DEPRECATED_OBJC_IMPLEMENTATIONS = YES;
				CLANG_WARN_DIRECT_OBJC_ISA_USAGE = YES_ERROR;
				CLANG_WARN_DOCUMENTATION_COMMENTS = YES;
				CLANG_WARN_EMPTY_BODY = YES;
				CLANG_WARN_ENUM_CONVERSION = YES;
				CLANG_WARN_INFINITE_RECURSION = YES;
				CLANG_WARN_INT_CONVERSION = YES;
				CLANG_WARN_NON_LITERAL_NULL_CONVERSION = YES;
				CLANG_WARN_OBJC_IMPLICIT_RETAIN_SELF = YES;
				CLANG_WARN_OBJC_LITERAL_CONVERSION = YES;
				CLANG_WARN_OBJC_ROOT_CLASS = YES_ERROR;
				CLANG_WARN_QUOTED_INCLUDE_IN_FRAMEWORK_HEADER = YES;
				CLANG_WARN_RANGE_LOOP_ANALYSIS = YES;
				CLANG_WARN_STRICT_PROTOTYPES = YES;
				CLANG_WARN_SUSPICIOUS_MOVE = YES;
				CLANG_WARN_UNGUARDED_AVAILABILITY = YES_AGGRESSIVE;
				CLANG_WARN_UNREACHABLE_CODE = YES;
				CLANG_WARN__DUPLICATE_METHOD_MATCH = YES;
				COPY_PHASE_STRIP = NO;
				DEBUG_INFORMATION_FORMAT = dwarf;
				ENABLE_STRICT_OBJC_MSGSEND = YES;
				ENABLE_TESTABILITY = YES;
				GCC_C_LANGUAGE_STANDARD = gnu11;
				GCC_DYNAMIC_NO_PIC = NO;
				GCC_NO_COMMON_BLOCKS = YES;
				GCC_OPTIMIZATION_LEVEL = 0;
				GCC_PREPROCESSOR_DEFINITIONS = (
					"DEBUG=1",
					"$(inherited)",
				);
				GCC_WARN_64_TO_32_BIT_CONVERSION = YES;
				GCC_WARN_ABOUT_RETURN_TYPE = YES_ERROR;
				GCC_WARN_UNDECLARED_SELECTOR = YES;
				GCC_WARN_UNINITIALIZED_AUTOS = YES_AGGRESSIVE;
				GCC_WARN_UNUSED_FUNCTION = YES;
				GCC_WARN_UNUSED_VARIABLE = YES;
				IPHONEOS_DEPLOYMENT_TARGET = 16.4;
				MTL_ENABLE_DEBUG_INFO = INCLUDE_SOURCE;
				MTL_FAST_MATH = YES;
				ONLY_ACTIVE_ARCH = YES;
				SDKROOT = iphoneos;
				SWIFT_ACTIVE_COMPILATION_CONDITIONS = DEBUG;
				SWIFT_OPTIMIZATION_LEVEL = "-Onone";
			};
			name = Debug;
		};
		0896DA332A28B07E00E1BC81 /* Release */ = {
			isa = XCBuildConfiguration;
			buildSettings = {
				ALWAYS_SEARCH_USER_PATHS = NO;
				CLANG_ANALYZER_NONNULL = YES;
				CLANG_ANALYZER_NUMBER_OBJECT_CONVERSION = YES_AGGRESSIVE;
				CLANG_CXX_LANGUAGE_STANDARD = "gnu++20";
				CLANG_ENABLE_MODULES = YES;
				CLANG_ENABLE_OBJC_ARC = YES;
				CLANG_ENABLE_OBJC_WEAK = YES;
				CLANG_WARN_BLOCK_CAPTURE_AUTORELEASING = YES;
				CLANG_WARN_BOOL_CONVERSION = YES;
				CLANG_WARN_COMMA = YES;
				CLANG_WARN_CONSTANT_CONVERSION = YES;
				CLANG_WARN_DEPRECATED_OBJC_IMPLEMENTATIONS = YES;
				CLANG_WARN_DIRECT_OBJC_ISA_USAGE = YES_ERROR;
				CLANG_WARN_DOCUMENTATION_COMMENTS = YES;
				CLANG_WARN_EMPTY_BODY = YES;
				CLANG_WARN_ENUM_CONVERSION = YES;
				CLANG_WARN_INFINITE_RECURSION = YES;
				CLANG_WARN_INT_CONVERSION = YES;
				CLANG_WARN_NON_LITERAL_NULL_CONVERSION = YES;
				CLANG_WARN_OBJC_IMPLICIT_RETAIN_SELF = YES;
				CLANG_WARN_OBJC_LITERAL_CONVERSION = YES;
				CLANG_WARN_OBJC_ROOT_CLASS = YES_ERROR;
				CLANG_WARN_QUOTED_INCLUDE_IN_FRAMEWORK_HEADER = YES;
				CLANG_WARN_RANGE_LOOP_ANALYSIS = YES;
				CLANG_WARN_STRICT_PROTOTYPES = YES;
				CLANG_WARN_SUSPICIOUS_MOVE = YES;
				CLANG_WARN_UNGUARDED_AVAILABILITY = YES_AGGRESSIVE;
				CLANG_WARN_UNREACHABLE_CODE = YES;
				CLANG_WARN__DUPLICATE_METHOD_MATCH = YES;
				COPY_PHASE_STRIP = NO;
				DEBUG_INFORMATION_FORMAT = "dwarf-with-dsym";
				ENABLE_NS_ASSERTIONS = NO;
				ENABLE_STRICT_OBJC_MSGSEND = YES;
				GCC_C_LANGUAGE_STANDARD = gnu11;
				GCC_NO_COMMON_BLOCKS = YES;
				GCC_WARN_64_TO_32_BIT_CONVERSION = YES;
				GCC_WARN_ABOUT_RETURN_TYPE = YES_ERROR;
				GCC_WARN_UNDECLARED_SELECTOR = YES;
				GCC_WARN_UNINITIALIZED_AUTOS = YES_AGGRESSIVE;
				GCC_WARN_UNUSED_FUNCTION = YES;
				GCC_WARN_UNUSED_VARIABLE = YES;
				IPHONEOS_DEPLOYMENT_TARGET = 16.4;
				MTL_ENABLE_DEBUG_INFO = NO;
				MTL_FAST_MATH = YES;
				SDKROOT = iphoneos;
				SWIFT_COMPILATION_MODE = wholemodule;
				SWIFT_OPTIMIZATION_LEVEL = "-O";
				VALIDATE_PRODUCT = YES;
			};
			name = Release;
		};
		0896DA352A28B07E00E1BC81 /* Debug */ = {
			isa = XCBuildConfiguration;
			buildSettings = {
				ASSETCATALOG_COMPILER_APPICON_NAME = AppIcon;
				ASSETCATALOG_COMPILER_GLOBAL_ACCENT_COLOR_NAME = AccentColor;
				CODE_SIGN_STYLE = Automatic;
				CURRENT_PROJECT_VERSION = 1;
				DEVELOPMENT_TEAM = ZM3C8N5B34;
				GENERATE_INFOPLIST_FILE = YES;
				INFOPLIST_FILE = NetflixClone/Info.plist;
				INFOPLIST_KEY_UIApplicationSupportsIndirectInputEvents = YES;
				INFOPLIST_KEY_UILaunchStoryboardName = LaunchScreen;
				INFOPLIST_KEY_UISupportedInterfaceOrientations_iPad = "UIInterfaceOrientationPortrait UIInterfaceOrientationPortraitUpsideDown UIInterfaceOrientationLandscapeLeft UIInterfaceOrientationLandscapeRight";
				INFOPLIST_KEY_UISupportedInterfaceOrientations_iPhone = "UIInterfaceOrientationPortrait UIInterfaceOrientationLandscapeLeft UIInterfaceOrientationLandscapeRight";
				LD_RUNPATH_SEARCH_PATHS = (
					"$(inherited)",
					"@executable_path/Frameworks",
				);
				MARKETING_VERSION = 1.0;
				PRODUCT_BUNDLE_IDENTIFIER = com.yourcompany.NetflixClone;
				PRODUCT_NAME = "$(TARGET_NAME)";
				SWIFT_EMIT_LOC_STRINGS = YES;
				SWIFT_VERSION = 5.0;
				TARGETED_DEVICE_FAMILY = "1,2";
			};
			name = Debug;
		};
		0896DA362A28B07E00E1BC81 /* Release */ = {
			isa = XCBuildConfiguration;
			buildSettings = {
				ASSETCATALOG_COMPILER_APPICON_NAME = AppIcon;
				ASSETCATALOG_COMPILER_GLOBAL_ACCENT_COLOR_NAME = AccentColor;
				CODE_SIGN_STYLE = Automatic;
				CURRENT_PROJECT_VERSION = 1;
				DEVELOPMENT_TEAM = ZM3C8N5B34;
				GENERATE_INFOPLIST_FILE = YES;
				INFOPLIST_FILE = NetflixClone/Info.plist;
				INFOPLIST_KEY_UIApplicationSupportsIndirectInputEvents = YES;
				INFOPLIST_KEY_UILaunchStoryboardName = LaunchScreen;
				INFOPLIST_KEY_UISupportedInterfaceOrientations_iPad = "UIInterfaceOrientationPortrait UIInterfaceOrientationPortraitUpsideDown UIInterfaceOrientationLandscapeLeft UIInterfaceOrientationLandscapeRight";
				INFOPLIST_KEY_UISupportedInterfaceOrientations_iPhone = "UIInterfaceOrientationPortrait UIInterfaceOrientationLandscapeLeft UIInterfaceOrientationLandscapeRight";
				LD_RUNPATH_SEARCH_PATHS = (
					"$(inherited)",
					"@executable_path/Frameworks",
				);
				MARKETING_VERSION = 1.0;
				PRODUCT_BUNDLE_IDENTIFIER = com.yourcompany.NetflixClone;
				PRODUCT_NAME = "$(TARGET_NAME)";
				SWIFT_EMIT_LOC_STRINGS = YES;
				SWIFT_VERSION = 5.0;
				TARGETED_DEVICE_FAMILY = "1,2";
			};
			name = Release;
		};
/* End XCBuildConfiguration section */

/* Begin XCConfigurationList section */
		0896DA1B2A28B07D00E1BC81 /* Build configuration list for PBXProject "NetflixClone" */ = {
			isa = XCConfigurationList;
			buildConfigurations = (
				0896DA322A28B07E00E1BC81 /* Debug */,
				0896DA332A28B07E00E1BC81 /* Release */,
			);
			defaultConfigurationIsVisible = 0;
			defaultConfigurationName = Release;
		};
		0896DA342A28B07E00E1BC81 /* Build configuration list for PBXNativeTarget "NetflixClone" */ = {
			isa = XCConfigurationList;
			buildConfigurations = (
				0896DA352A28B07E00E1BC81 /* Debug */,
				0896DA362A28B07E00E1BC81 /* Release */,
			);
			defaultConfigurationIsVisible = 0;
			defaultConfigurationName = Release;
		};
/* End XCConfigurationList section */
	};
	rootObject = 0896DA182A28B07D00E1BC81 /* Project object */;
}
